// !$*UTF8*$!
{
	archiveVersion = 1;
	classes = {
	};
	objectVersion = 55;
	objects = {

/* Begin PBXBuildFile section */
		49D6BB129C6709CF13876FC0 /* Pods_Fingertapping_ios.framework in Frameworks */ = {isa = PBXBuildFile; fileRef = 3D8C03B543E1180D1CA9124D /* Pods_Fingertapping_ios.framework */; };
		739716A72A11E6C900300448 /* AppDelegate.swift in Sources */ = {isa = PBXBuildFile; fileRef = 739716A62A11E6C900300448 /* AppDelegate.swift */; };
		739716A92A11E6C900300448 /* SceneDelegate.swift in Sources */ = {isa = PBXBuildFile; fileRef = 739716A82A11E6C900300448 /* SceneDelegate.swift */; };
		739716AB2A11E6C900300448 /* ViewController.swift in Sources */ = {isa = PBXBuildFile; fileRef = 739716AA2A11E6C900300448 /* ViewController.swift */; };
		739716AE2A11E6C900300448 /* Main.storyboard in Resources */ = {isa = PBXBuildFile; fileRef = 739716AC2A11E6C900300448 /* Main.storyboard */; };
		739716B02A11E6CA00300448 /* Assets.xcassets in Resources */ = {isa = PBXBuildFile; fileRef = 739716AF2A11E6CA00300448 /* Assets.xcassets */; };
		739716B32A11E6CA00300448 /* LaunchScreen.storyboard in Resources */ = {isa = PBXBuildFile; fileRef = 739716B12A11E6CA00300448 /* LaunchScreen.storyboard */; };
		739716C12A12071C00300448 /* TapTrackingController.swift in Sources */ = {isa = PBXBuildFile; fileRef = 739716C02A12071C00300448 /* TapTrackingController.swift */; };
		739716C82A12272900300448 /* Member.swift in Sources */ = {isa = PBXBuildFile; fileRef = 739716C72A12272900300448 /* Member.swift */; };
		739716CA2A122BD100300448 /* MemberList.swift in Sources */ = {isa = PBXBuildFile; fileRef = 739716C92A122BD100300448 /* MemberList.swift */; };
		739716CC2A122CA600300448 /* ResultResponse.swift in Sources */ = {isa = PBXBuildFile; fileRef = 739716CB2A122CA600300448 /* ResultResponse.swift */; };
		739DD4E12A1F5AFB0053BF0D /* MemberData.swift in Sources */ = {isa = PBXBuildFile; fileRef = 739DD4E02A1F5AFB0053BF0D /* MemberData.swift */; };
		73B90D3C2A1B0A5C00816282 /* TappingDetail.swift in Sources */ = {isa = PBXBuildFile; fileRef = 73B90D3B2A1B0A5C00816282 /* TappingDetail.swift */; };
		73B90D3E2A1B3C8700816282 /* FingerData.swift in Sources */ = {isa = PBXBuildFile; fileRef = 73B90D3D2A1B3C8700816282 /* FingerData.swift */; };
		73B90D402A1B43BF00816282 /* SendResult.swift in Sources */ = {isa = PBXBuildFile; fileRef = 73B90D3F2A1B43BF00816282 /* SendResult.swift */; };
/* End PBXBuildFile section */

/* Begin PBXFileReference section */
		29F776041944D90F82692139 /* Pods-Fingertapping_ios.release.xcconfig */ = {isa = PBXFileReference; includeInIndex = 1; lastKnownFileType = text.xcconfig; name = "Pods-Fingertapping_ios.release.xcconfig"; path = "Target Support Files/Pods-Fingertapping_ios/Pods-Fingertapping_ios.release.xcconfig"; sourceTree = "<group>"; };
		3D8C03B543E1180D1CA9124D /* Pods_Fingertapping_ios.framework */ = {isa = PBXFileReference; explicitFileType = wrapper.framework; includeInIndex = 0; path = Pods_Fingertapping_ios.framework; sourceTree = BUILT_PRODUCTS_DIR; };
		739716A32A11E6C900300448 /* Fingertapping_ios.app */ = {isa = PBXFileReference; explicitFileType = wrapper.application; includeInIndex = 0; path = Fingertapping_ios.app; sourceTree = BUILT_PRODUCTS_DIR; };
		739716A62A11E6C900300448 /* AppDelegate.swift */ = {isa = PBXFileReference; lastKnownFileType = sourcecode.swift; path = AppDelegate.swift; sourceTree = "<group>"; };
		739716A82A11E6C900300448 /* SceneDelegate.swift */ = {isa = PBXFileReference; lastKnownFileType = sourcecode.swift; path = SceneDelegate.swift; sourceTree = "<group>"; };
		739716AA2A11E6C900300448 /* ViewController.swift */ = {isa = PBXFileReference; lastKnownFileType = sourcecode.swift; path = ViewController.swift; sourceTree = "<group>"; };
		739716AD2A11E6C900300448 /* Base */ = {isa = PBXFileReference; lastKnownFileType = file.storyboard; name = Base; path = Base.lproj/Main.storyboard; sourceTree = "<group>"; };
		739716AF2A11E6CA00300448 /* Assets.xcassets */ = {isa = PBXFileReference; lastKnownFileType = folder.assetcatalog; path = Assets.xcassets; sourceTree = "<group>"; };
		739716B22A11E6CA00300448 /* Base */ = {isa = PBXFileReference; lastKnownFileType = file.storyboard; name = Base; path = Base.lproj/LaunchScreen.storyboard; sourceTree = "<group>"; };
		739716B42A11E6CA00300448 /* Info.plist */ = {isa = PBXFileReference; lastKnownFileType = text.plist.xml; path = Info.plist; sourceTree = "<group>"; };
		739716C02A12071C00300448 /* TapTrackingController.swift */ = {isa = PBXFileReference; lastKnownFileType = sourcecode.swift; path = TapTrackingController.swift; sourceTree = "<group>"; };
		739716C72A12272900300448 /* Member.swift */ = {isa = PBXFileReference; lastKnownFileType = sourcecode.swift; path = Member.swift; sourceTree = "<group>"; };
		739716C92A122BD100300448 /* MemberList.swift */ = {isa = PBXFileReference; lastKnownFileType = sourcecode.swift; path = MemberList.swift; sourceTree = "<group>"; };
		739716CB2A122CA600300448 /* ResultResponse.swift */ = {isa = PBXFileReference; lastKnownFileType = sourcecode.swift; path = ResultResponse.swift; sourceTree = "<group>"; };
		739DD4E02A1F5AFB0053BF0D /* MemberData.swift */ = {isa = PBXFileReference; lastKnownFileType = sourcecode.swift; path = MemberData.swift; sourceTree = "<group>"; };
		73B90D3B2A1B0A5C00816282 /* TappingDetail.swift */ = {isa = PBXFileReference; lastKnownFileType = sourcecode.swift; path = TappingDetail.swift; sourceTree = "<group>"; };
		73B90D3D2A1B3C8700816282 /* FingerData.swift */ = {isa = PBXFileReference; lastKnownFileType = sourcecode.swift; path = FingerData.swift; sourceTree = "<group>"; };
		73B90D3F2A1B43BF00816282 /* SendResult.swift */ = {isa = PBXFileReference; lastKnownFileType = sourcecode.swift; path = SendResult.swift; sourceTree = "<group>"; };
		83C8DF908E57ECADD96D84BC /* Pods-Fingertapping_ios.debug.xcconfig */ = {isa = PBXFileReference; includeInIndex = 1; lastKnownFileType = text.xcconfig; name = "Pods-Fingertapping_ios.debug.xcconfig"; path = "Target Support Files/Pods-Fingertapping_ios/Pods-Fingertapping_ios.debug.xcconfig"; sourceTree = "<group>"; };
/* End PBXFileReference section */

/* Begin PBXFrameworksBuildPhase section */
		739716A02A11E6C900300448 /* Frameworks */ = {
			isa = PBXFrameworksBuildPhase;
			buildActionMask = 2147483647;
			files = (
				49D6BB129C6709CF13876FC0 /* Pods_Fingertapping_ios.framework in Frameworks */,
			);
			runOnlyForDeploymentPostprocessing = 0;
		};
/* End PBXFrameworksBuildPhase section */

/* Begin PBXGroup section */
		7397169A2A11E6C900300448 = {
			isa = PBXGroup;
			children = (
				739716A52A11E6C900300448 /* Fingertapping_ios */,
				739716A42A11E6C900300448 /* Products */,
				C4694340742BB1D38B3A6E99 /* Pods */,
				EA550ED287F46086C67413D2 /* Frameworks */,
			);
			sourceTree = "<group>";
		};
		739716A42A11E6C900300448 /* Products */ = {
			isa = PBXGroup;
			children = (
				739716A32A11E6C900300448 /* Fingertapping_ios.app */,
			);
			name = Products;
			sourceTree = "<group>";
		};
		739716A52A11E6C900300448 /* Fingertapping_ios */ = {
			isa = PBXGroup;
			children = (
				739716BE2A1206D800300448 /* Entity */,
				739716A62A11E6C900300448 /* AppDelegate.swift */,
				739716A82A11E6C900300448 /* SceneDelegate.swift */,
				739716AA2A11E6C900300448 /* ViewController.swift */,
				739716AC2A11E6C900300448 /* Main.storyboard */,
				739716C02A12071C00300448 /* TapTrackingController.swift */,
				739716AF2A11E6CA00300448 /* Assets.xcassets */,
				739716B12A11E6CA00300448 /* LaunchScreen.storyboard */,
				739716B42A11E6CA00300448 /* Info.plist */,
			);
			path = Fingertapping_ios;
			sourceTree = "<group>";
		};
		739716BE2A1206D800300448 /* Entity */ = {
			isa = PBXGroup;
			children = (
				739716C72A12272900300448 /* Member.swift */,
				739716C92A122BD100300448 /* MemberList.swift */,
				739716CB2A122CA600300448 /* ResultResponse.swift */,
				73B90D3B2A1B0A5C00816282 /* TappingDetail.swift */,
				73B90D3D2A1B3C8700816282 /* FingerData.swift */,
				73B90D3F2A1B43BF00816282 /* SendResult.swift */,
				739DD4E02A1F5AFB0053BF0D /* MemberData.swift */,
			);
			path = Entity;
			sourceTree = "<group>";
		};
		C4694340742BB1D38B3A6E99 /* Pods */ = {
			isa = PBXGroup;
			children = (
				83C8DF908E57ECADD96D84BC /* Pods-Fingertapping_ios.debug.xcconfig */,
				29F776041944D90F82692139 /* Pods-Fingertapping_ios.release.xcconfig */,
			);
			path = Pods;
			sourceTree = "<group>";
		};
		EA550ED287F46086C67413D2 /* Frameworks */ = {
			isa = PBXGroup;
			children = (
				3D8C03B543E1180D1CA9124D /* Pods_Fingertapping_ios.framework */,
			);
			name = Frameworks;
			sourceTree = "<group>";
		};
/* End PBXGroup section */

/* Begin PBXNativeTarget section */
		739716A22A11E6C900300448 /* Fingertapping_ios */ = {
			isa = PBXNativeTarget;
			buildConfigurationList = 739716B72A11E6CA00300448 /* Build configuration list for PBXNativeTarget "Fingertapping_ios" */;
			buildPhases = (
				99341A58D1ED076FB518A40C /* [CP] Check Pods Manifest.lock */,
				7397169F2A11E6C900300448 /* Sources */,
				739716A02A11E6C900300448 /* Frameworks */,
				739716A12A11E6C900300448 /* Resources */,
				64C1C7065EBE3AD23D1F0AFF /* [CP] Embed Pods Frameworks */,
			);
			buildRules = (
			);
			dependencies = (
			);
			name = Fingertapping_ios;
			productName = Fingertapping_ios;
			productReference = 739716A32A11E6C900300448 /* Fingertapping_ios.app */;
			productType = "com.apple.product-type.application";
		};
/* End PBXNativeTarget section */

/* Begin PBXProject section */
		7397169B2A11E6C900300448 /* Project object */ = {
			isa = PBXProject;
			attributes = {
				BuildIndependentTargetsInParallel = 1;
				LastSwiftUpdateCheck = 1430;
				LastUpgradeCheck = 1430;
				TargetAttributes = {
					739716A22A11E6C900300448 = {
						CreatedOnToolsVersion = 14.3;
					};
				};
			};
			buildConfigurationList = 7397169E2A11E6C900300448 /* Build configuration list for PBXProject "Fingertapping_ios" */;
			compatibilityVersion = "Xcode 13.0";
			developmentRegion = en;
			hasScannedForEncodings = 0;
			knownRegions = (
				en,
				Base,
			);
			mainGroup = 7397169A2A11E6C900300448;
			productRefGroup = 739716A42A11E6C900300448 /* Products */;
			projectDirPath = "";
			projectRoot = "";
			targets = (
				739716A22A11E6C900300448 /* Fingertapping_ios */,
			);
		};
/* End PBXProject section */

/* Begin PBXResourcesBuildPhase section */
		739716A12A11E6C900300448 /* Resources */ = {
			isa = PBXResourcesBuildPhase;
			buildActionMask = 2147483647;
			files = (
				739716B32A11E6CA00300448 /* LaunchScreen.storyboard in Resources */,
				739716B02A11E6CA00300448 /* Assets.xcassets in Resources */,
				739716AE2A11E6C900300448 /* Main.storyboard in Resources */,
			);
			runOnlyForDeploymentPostprocessing = 0;
		};
/* End PBXResourcesBuildPhase section */

/* Begin PBXShellScriptBuildPhase section */
		64C1C7065EBE3AD23D1F0AFF /* [CP] Embed Pods Frameworks */ = {
			isa = PBXShellScriptBuildPhase;
			buildActionMask = 2147483647;
			files = (
			);
			inputFileListPaths = (
				"${PODS_ROOT}/Target Support Files/Pods-Fingertapping_ios/Pods-Fingertapping_ios-frameworks-${CONFIGURATION}-input-files.xcfilelist",
			);
			name = "[CP] Embed Pods Frameworks";
			outputFileListPaths = (
				"${PODS_ROOT}/Target Support Files/Pods-Fingertapping_ios/Pods-Fingertapping_ios-frameworks-${CONFIGURATION}-output-files.xcfilelist",
			);
			runOnlyForDeploymentPostprocessing = 0;
			shellPath = /bin/sh;
			shellScript = "\"${PODS_ROOT}/Target Support Files/Pods-Fingertapping_ios/Pods-Fingertapping_ios-frameworks.sh\"\n";
			showEnvVarsInLog = 0;
		};
		99341A58D1ED076FB518A40C /* [CP] Check Pods Manifest.lock */ = {
			isa = PBXShellScriptBuildPhase;
			buildActionMask = 2147483647;
			files = (
			);
			inputFileListPaths = (
			);
			inputPaths = (
				"${PODS_PODFILE_DIR_PATH}/Podfile.lock",
				"${PODS_ROOT}/Manifest.lock",
			);
			name = "[CP] Check Pods Manifest.lock";
			outputFileListPaths = (
			);
			outputPaths = (
				"$(DERIVED_FILE_DIR)/Pods-Fingertapping_ios-checkManifestLockResult.txt",
			);
			runOnlyForDeploymentPostprocessing = 0;
			shellPath = /bin/sh;
			shellScript = "diff \"${PODS_PODFILE_DIR_PATH}/Podfile.lock\" \"${PODS_ROOT}/Manifest.lock\" > /dev/null\nif [ $? != 0 ] ; then\n    # print error to STDERR\n    echo \"error: The sandbox is not in sync with the Podfile.lock. Run 'pod install' or update your CocoaPods installation.\" >&2\n    exit 1\nfi\n# This output is used by Xcode 'outputs' to avoid re-running this script phase.\necho \"SUCCESS\" > \"${SCRIPT_OUTPUT_FILE_0}\"\n";
			showEnvVarsInLog = 0;
		};
/* End PBXShellScriptBuildPhase section */

/* Begin PBXSourcesBuildPhase section */
		7397169F2A11E6C900300448 /* Sources */ = {
			isa = PBXSourcesBuildPhase;
			buildActionMask = 2147483647;
			files = (
				73B90D3C2A1B0A5C00816282 /* TappingDetail.swift in Sources */,
				73B90D402A1B43BF00816282 /* SendResult.swift in Sources */,
				739716CA2A122BD100300448 /* MemberList.swift in Sources */,
				739716AB2A11E6C900300448 /* ViewController.swift in Sources */,
				739DD4E12A1F5AFB0053BF0D /* MemberData.swift in Sources */,
				739716C12A12071C00300448 /* TapTrackingController.swift in Sources */,
				739716C82A12272900300448 /* Member.swift in Sources */,
				739716A72A11E6C900300448 /* AppDelegate.swift in Sources */,
				739716A92A11E6C900300448 /* SceneDelegate.swift in Sources */,
				739716CC2A122CA600300448 /* ResultResponse.swift in Sources */,
				73B90D3E2A1B3C8700816282 /* FingerData.swift in Sources */,
			);
			runOnlyForDeploymentPostprocessing = 0;
		};
/* End PBXSourcesBuildPhase section */

/* Begin PBXVariantGroup section */
		739716AC2A11E6C900300448 /* Main.storyboard */ = {
			isa = PBXVariantGroup;
			children = (
				739716AD2A11E6C900300448 /* Base */,
			);
			name = Main.storyboard;
			sourceTree = "<group>";
		};
		739716B12A11E6CA00300448 /* LaunchScreen.storyboard */ = {
			isa = PBXVariantGroup;
			children = (
				739716B22A11E6CA00300448 /* Base */,
			);
			name = LaunchScreen.storyboard;
			sourceTree = "<group>";
		};
/* End PBXVariantGroup section */

/* Begin XCBuildConfiguration section */
		739716B52A11E6CA00300448 /* Debug */ = {
			isa = XCBuildConfiguration;
			buildSettings = {
				ALWAYS_SEARCH_USER_PATHS = NO;
				CLANG_ANALYZER_NONNULL = YES;
				CLANG_ANALYZER_NUMBER_OBJECT_CONVERSION = YES_AGGRESSIVE;
				CLANG_CXX_LANGUAGE_STANDARD = "gnu++20";
				CLANG_ENABLE_MODULES = YES;
				CLANG_ENABLE_OBJC_ARC = YES;
				CLANG_ENABLE_OBJC_WEAK = YES;
				CLANG_WARN_BLOCK_CAPTURE_AUTORELEASING = YES;
				CLANG_WARN_BOOL_CONVERSION = YES;
				CLANG_WARN_COMMA = YES;
				CLANG_WARN_CONSTANT_CONVERSION = YES;
				CLANG_WARN_DEPRECATED_OBJC_IMPLEMENTATIONS = YES;
				CLANG_WARN_DIRECT_OBJC_ISA_USAGE = YES_ERROR;
				CLANG_WARN_DOCUMENTATION_COMMENTS = YES;
				CLANG_WARN_EMPTY_BODY = YES;
				CLANG_WARN_ENUM_CONVERSION = YES;
				CLANG_WARN_INFINITE_RECURSION = YES;
				CLANG_WARN_INT_CONVERSION = YES;
				CLANG_WARN_NON_LITERAL_NULL_CONVERSION = YES;
				CLANG_WARN_OBJC_IMPLICIT_RETAIN_SELF = YES;
				CLANG_WARN_OBJC_LITERAL_CONVERSION = YES;
				CLANG_WARN_OBJC_ROOT_CLASS = YES_ERROR;
				CLANG_WARN_QUOTED_INCLUDE_IN_FRAMEWORK_HEADER = YES;
				CLANG_WARN_RANGE_LOOP_ANALYSIS = YES;
				CLANG_WARN_STRICT_PROTOTYPES = YES;
				CLANG_WARN_SUSPICIOUS_MOVE = YES;
				CLANG_WARN_UNGUARDED_AVAILABILITY = YES_AGGRESSIVE;
				CLANG_WARN_UNREACHABLE_CODE = YES;
				CLANG_WARN__DUPLICATE_METHOD_MATCH = YES;
				COPY_PHASE_STRIP = NO;
				DEBUG_INFORMATION_FORMAT = dwarf;
				ENABLE_STRICT_OBJC_MSGSEND = YES;
				ENABLE_TESTABILITY = YES;
				GCC_C_LANGUAGE_STANDARD = gnu11;
				GCC_DYNAMIC_NO_PIC = NO;
				GCC_NO_COMMON_BLOCKS = YES;
				GCC_OPTIMIZATION_LEVEL = 0;
				GCC_PREPROCESSOR_DEFINITIONS = (
					"DEBUG=1",
					"$(inherited)",
				);
				GCC_WARN_64_TO_32_BIT_CONVERSION = YES;
				GCC_WARN_ABOUT_RETURN_TYPE = YES_ERROR;
				GCC_WARN_UNDECLARED_SELECTOR = YES;
				GCC_WARN_UNINITIALIZED_AUTOS = YES_AGGRESSIVE;
				GCC_WARN_UNUSED_FUNCTION = YES;
				GCC_WARN_UNUSED_VARIABLE = YES;
				IPHONEOS_DEPLOYMENT_TARGET = 16.4;
				MTL_ENABLE_DEBUG_INFO = INCLUDE_SOURCE;
				MTL_FAST_MATH = YES;
				ONLY_ACTIVE_ARCH = YES;
				SDKROOT = iphoneos;
				SWIFT_ACTIVE_COMPILATION_CONDITIONS = DEBUG;
				SWIFT_OPTIMIZATION_LEVEL = "-Onone";
			};
			name = Debug;
		};
		739716B62A11E6CA00300448 /* Release */ = {
			isa = XCBuildConfiguration;
			buildSettings = {
				ALWAYS_SEARCH_USER_PATHS = NO;
				CLANG_ANALYZER_NONNULL = YES;
				CLANG_ANALYZER_NUMBER_OBJECT_CONVERSION = YES_AGGRESSIVE;
				CLANG_CXX_LANGUAGE_STANDARD = "gnu++20";
				CLANG_ENABLE_MODULES = YES;
				CLANG_ENABLE_OBJC_ARC = YES;
				CLANG_ENABLE_OBJC_WEAK = YES;
				CLANG_WARN_BLOCK_CAPTURE_AUTORELEASING = YES;
				CLANG_WARN_BOOL_CONVERSION = YES;
				CLANG_WARN_COMMA = YES;
				CLANG_WARN_CONSTANT_CONVERSION = YES;
				CLANG_WARN_DEPRECATED_OBJC_IMPLEMENTATIONS = YES;
				CLANG_WARN_DIRECT_OBJC_ISA_USAGE = YES_ERROR;
				CLANG_WARN_DOCUMENTATION_COMMENTS = YES;
				CLANG_WARN_EMPTY_BODY = YES;
				CLANG_WARN_ENUM_CONVERSION = YES;
				CLANG_WARN_INFINITE_RECURSION = YES;
				CLANG_WARN_INT_CONVERSION = YES;
				CLANG_WARN_NON_LITERAL_NULL_CONVERSION = YES;
				CLANG_WARN_OBJC_IMPLICIT_RETAIN_SELF = YES;
				CLANG_WARN_OBJC_LITERAL_CONVERSION = YES;
				CLANG_WARN_OBJC_ROOT_CLASS = YES_ERROR;
				CLANG_WARN_QUOTED_INCLUDE_IN_FRAMEWORK_HEADER = YES;
				CLANG_WARN_RANGE_LOOP_ANALYSIS = YES;
				CLANG_WARN_STRICT_PROTOTYPES = YES;
				CLANG_WARN_SUSPICIOUS_MOVE = YES;
				CLANG_WARN_UNGUARDED_AVAILABILITY = YES_AGGRESSIVE;
				CLANG_WARN_UNREACHABLE_CODE = YES;
				CLANG_WARN__DUPLICATE_METHOD_MATCH = YES;
				COPY_PHASE_STRIP = NO;
				DEBUG_INFORMATION_FORMAT = "dwarf-with-dsym";
				ENABLE_NS_ASSERTIONS = NO;
				ENABLE_STRICT_OBJC_MSGSEND = YES;
				GCC_C_LANGUAGE_STANDARD = gnu11;
				GCC_NO_COMMON_BLOCKS = YES;
				GCC_WARN_64_TO_32_BIT_CONVERSION = YES;
				GCC_WARN_ABOUT_RETURN_TYPE = YES_ERROR;
				GCC_WARN_UNDECLARED_SELECTOR = YES;
				GCC_WARN_UNINITIALIZED_AUTOS = YES_AGGRESSIVE;
				GCC_WARN_UNUSED_FUNCTION = YES;
				GCC_WARN_UNUSED_VARIABLE = YES;
				IPHONEOS_DEPLOYMENT_TARGET = 16.4;
				MTL_ENABLE_DEBUG_INFO = NO;
				MTL_FAST_MATH = YES;
				SDKROOT = iphoneos;
				SWIFT_COMPILATION_MODE = wholemodule;
				SWIFT_OPTIMIZATION_LEVEL = "-O";
				VALIDATE_PRODUCT = YES;
			};
			name = Release;
		};
		739716B82A11E6CA00300448 /* Debug */ = {
			isa = XCBuildConfiguration;
			baseConfigurationReference = 83C8DF908E57ECADD96D84BC /* Pods-Fingertapping_ios.debug.xcconfig */;
			buildSettings = {
				ASSETCATALOG_COMPILER_APPICON_NAME = AppIcon;
				ASSETCATALOG_COMPILER_GLOBAL_ACCENT_COLOR_NAME = AccentColor;
				CODE_SIGN_STYLE = Automatic;
				CURRENT_PROJECT_VERSION = 2;
				DEVELOPMENT_TEAM = JB63VVN2W3;
				GENERATE_INFOPLIST_FILE = YES;
				INFOPLIST_FILE = Fingertapping_ios/Info.plist;
				INFOPLIST_KEY_UIApplicationSupportsIndirectInputEvents = YES;
				INFOPLIST_KEY_UILaunchStoryboardName = LaunchScreen;
				INFOPLIST_KEY_UIMainStoryboardFile = Main;
				INFOPLIST_KEY_UISupportedInterfaceOrientations_iPad = "UIInterfaceOrientationPortrait UIInterfaceOrientationPortraitUpsideDown UIInterfaceOrientationLandscapeLeft UIInterfaceOrientationLandscapeRight";
				INFOPLIST_KEY_UISupportedInterfaceOrientations_iPhone = "UIInterfaceOrientationPortrait UIInterfaceOrientationLandscapeLeft UIInterfaceOrientationLandscapeRight";
				IPHONEOS_DEPLOYMENT_TARGET = 14.0;
				LD_RUNPATH_SEARCH_PATHS = (
					"$(inherited)",
					"@executable_path/Frameworks",
				);
				MARKETING_VERSION = 1.0;
				PRODUCT_BUNDLE_IDENTIFIER = "Blifeinc.com.Fingertapping-ios";
				PRODUCT_NAME = "$(TARGET_NAME)";
				SWIFT_EMIT_LOC_STRINGS = YES;
				SWIFT_VERSION = 5.0;
				TARGETED_DEVICE_FAMILY = "1,2";
			};
			name = Debug;
		};
		739716B92A11E6CA00300448 /* Release */ = {
			isa = XCBuildConfiguration;
			baseConfigurationReference = 29F776041944D90F82692139 /* Pods-Fingertapping_ios.release.xcconfig */;
			buildSettings = {
				ASSETCATALOG_COMPILER_APPICON_NAME = AppIcon;
				ASSETCATALOG_COMPILER_GLOBAL_ACCENT_COLOR_NAME = AccentColor;
				CODE_SIGN_STYLE = Automatic;
				CURRENT_PROJECT_VERSION = 2;
				DEVELOPMENT_TEAM = JB63VVN2W3;
				GENERATE_INFOPLIST_FILE = YES;
				INFOPLIST_FILE = Fingertapping_ios/Info.plist;
				INFOPLIST_KEY_UIApplicationSupportsIndirectInputEvents = YES;
				INFOPLIST_KEY_UILaunchStoryboardName = LaunchScreen;
				INFOPLIST_KEY_UIMainStoryboardFile = Main;
				INFOPLIST_KEY_UISupportedInterfaceOrientations_iPad = "UIInterfaceOrientationPortrait UIInterfaceOrientationPortraitUpsideDown UIInterfaceOrientationLandscapeLeft UIInterfaceOrientationLandscapeRight";
				INFOPLIST_KEY_UISupportedInterfaceOrientations_iPhone = "UIInterfaceOrientationPortrait UIInterfaceOrientationLandscapeLeft UIInterfaceOrientationLandscapeRight";
				IPHONEOS_DEPLOYMENT_TARGET = 14.0;
				LD_RUNPATH_SEARCH_PATHS = (
					"$(inherited)",
					"@executable_path/Frameworks",
				);
				MARKETING_VERSION = 1.0;
				PRODUCT_BUNDLE_IDENTIFIER = "Blifeinc.com.Fingertapping-ios";
				PRODUCT_NAME = "$(TARGET_NAME)";
				SWIFT_EMIT_LOC_STRINGS = YES;
				SWIFT_VERSION = 5.0;
				TARGETED_DEVICE_FAMILY = "1,2";
			};
			name = Release;
		};
/* End XCBuildConfiguration section */

/* Begin XCConfigurationList section */
		7397169E2A11E6C900300448 /* Build configuration list for PBXProject "Fingertapping_ios" */ = {
			isa = XCConfigurationList;
			buildConfigurations = (
				739716B52A11E6CA00300448 /* Debug */,
				739716B62A11E6CA00300448 /* Release */,
			);
			defaultConfigurationIsVisible = 0;
			defaultConfigurationName = Release;
		};
		739716B72A11E6CA00300448 /* Build configuration list for PBXNativeTarget "Fingertapping_ios" */ = {
			isa = XCConfigurationList;
			buildConfigurations = (
				739716B82A11E6CA00300448 /* Debug */,
				739716B92A11E6CA00300448 /* Release */,
			);
			defaultConfigurationIsVisible = 0;
			defaultConfigurationName = Release;
		};
/* End XCConfigurationList section */
	};
	rootObject = 7397169B2A11E6C900300448 /* Project object */;
}
